
Microsoft Visual Studio Solution File, Format Version 12.00
# Visual Studio Version 16
VisualStudioVersion = 16.0.29519.161
MinimumVisualStudioVersion = 10.0.40219.1
Project("{151D2E53-A2C4-4D7D-83FE-D05416EBD58E}") = "AzureResourceGroup-WebApp-SQL", "AzureResourceGroup-WebApp-SQL.deployproj", "{70C580D9-7F7E-42D3-9A33-DB05E30F8B4D}"
EndProject
Global
	GlobalSection(SolutionConfigurationPlatforms) = preSolution
		Debug|Any CPU = Debug|Any CPU
		Release|Any CPU = Release|Any CPU
	EndGlobalSection
	GlobalSection(ProjectConfigurationPlatforms) = postSolution
		{70C580D9-7F7E-42D3-9A33-DB05E30F8B4D}.Debug|Any CPU.ActiveCfg = Debug|Any CPU
		{70C580D9-7F7E-42D3-9A33-DB05E30F8B4D}.Debug|Any CPU.Build.0 = Debug|Any CPU
		{70C580D9-7F7E-42D3-9A33-DB05E30F8B4D}.Release|Any CPU.ActiveCfg = Release|Any CPU
		{70C580D9-7F7E-42D3-9A33-DB05E30F8B4D}.Release|Any CPU.Build.0 = Release|Any CPU
	EndGlobalSection
	GlobalSection(SolutionProperties) = preSolution
		HideSolutionNode = FALSE
	EndGlobalSection
	GlobalSection(ExtensibilityGlobals) = postSolution
		SolutionGuid = {01CE0471-B858-4458-9D89-19184310C215}
	EndGlobalSection
EndGlobal
